// !$*UTF8*$!
{
	archiveVersion = 1;
	classes = {
	};
	objectVersion = 50;
	objects = {

/* Begin PBXBuildFile section */
		E5A3AD4423E0A1D700D9856A /* AppDelegate.swift in Sources */ = {isa = PBXBuildFile; fileRef = E5A3AD4323E0A1D700D9856A /* AppDelegate.swift */; };
		E5A3AD4623E0A1D700D9856A /* SceneDelegate.swift in Sources */ = {isa = PBXBuildFile; fileRef = E5A3AD4523E0A1D700D9856A /* SceneDelegate.swift */; };
		E5A3AD4823E0A1D700D9856A /* ContentView.swift in Sources */ = {isa = PBXBuildFile; fileRef = E5A3AD4723E0A1D700D9856A /* ContentView.swift */; };
		E5A3AD4A23E0A1D800D9856A /* Assets.xcassets in Resources */ = {isa = PBXBuildFile; fileRef = E5A3AD4923E0A1D800D9856A /* Assets.xcassets */; };
		E5A3AD4D23E0A1D800D9856A /* Preview Assets.xcassets in Resources */ = {isa = PBXBuildFile; fileRef = E5A3AD4C23E0A1D800D9856A /* Preview Assets.xcassets */; };
		E5A3AD5023E0A1D800D9856A /* LaunchScreen.storyboard in Resources */ = {isa = PBXBuildFile; fileRef = E5A3AD4E23E0A1D800D9856A /* LaunchScreen.storyboard */; };
		E5A3AD5B23E0A1D800D9856A /* Swift_ui_in_class_Tests.swift in Sources */ = {isa = PBXBuildFile; fileRef = E5A3AD5A23E0A1D800D9856A /* Swift_ui_in_class_Tests.swift */; };
		E5A3AD6623E0A1D800D9856A /* Swift_ui_in_class_UITests.swift in Sources */ = {isa = PBXBuildFile; fileRef = E5A3AD6523E0A1D800D9856A /* Swift_ui_in_class_UITests.swift */; };
/* End PBXBuildFile section */

/* Begin PBXContainerItemProxy section */
		E5A3AD5723E0A1D800D9856A /* PBXContainerItemProxy */ = {
			isa = PBXContainerItemProxy;
			containerPortal = E5A3AD3823E0A1D700D9856A /* Project object */;
			proxyType = 1;
			remoteGlobalIDString = E5A3AD3F23E0A1D700D9856A;
			remoteInfo = "Swift ui in class-";
		};
		E5A3AD6223E0A1D800D9856A /* PBXContainerItemProxy */ = {
			isa = PBXContainerItemProxy;
			containerPortal = E5A3AD3823E0A1D700D9856A /* Project object */;
			proxyType = 1;
			remoteGlobalIDString = E5A3AD3F23E0A1D700D9856A;
			remoteInfo = "Swift ui in class-";
		};
/* End PBXContainerItemProxy section */

/* Begin PBXFileReference section */
		E5A3AD4023E0A1D700D9856A /* Swift ui in class-.app */ = {isa = PBXFileReference; explicitFileType = wrapper.application; includeInIndex = 0; path = "Swift ui in class-.app"; sourceTree = BUILT_PRODUCTS_DIR; };
		E5A3AD4323E0A1D700D9856A /* AppDelegate.swift */ = {isa = PBXFileReference; lastKnownFileType = sourcecode.swift; path = AppDelegate.swift; sourceTree = "<group>"; };
		E5A3AD4523E0A1D700D9856A /* SceneDelegate.swift */ = {isa = PBXFileReference; lastKnownFileType = sourcecode.swift; path = SceneDelegate.swift; sourceTree = "<group>"; };
		E5A3AD4723E0A1D700D9856A /* ContentView.swift */ = {isa = PBXFileReference; lastKnownFileType = sourcecode.swift; path = ContentView.swift; sourceTree = "<group>"; };
		E5A3AD4923E0A1D800D9856A /* Assets.xcassets */ = {isa = PBXFileReference; lastKnownFileType = folder.assetcatalog; path = Assets.xcassets; sourceTree = "<group>"; };
		E5A3AD4C23E0A1D800D9856A /* Preview Assets.xcassets */ = {isa = PBXFileReference; lastKnownFileType = folder.assetcatalog; path = "Preview Assets.xcassets"; sourceTree = "<group>"; };
		E5A3AD4F23E0A1D800D9856A /* Base */ = {isa = PBXFileReference; lastKnownFileType = file.storyboard; name = Base; path = Base.lproj/LaunchScreen.storyboard; sourceTree = "<group>"; };
		E5A3AD5123E0A1D800D9856A /* Info.plist */ = {isa = PBXFileReference; lastKnownFileType = text.plist.xml; path = Info.plist; sourceTree = "<group>"; };
		E5A3AD5623E0A1D800D9856A /* Swift ui in class-Tests.xctest */ = {isa = PBXFileReference; explicitFileType = wrapper.cfbundle; includeInIndex = 0; path = "Swift ui in class-Tests.xctest"; sourceTree = BUILT_PRODUCTS_DIR; };
		E5A3AD5A23E0A1D800D9856A /* Swift_ui_in_class_Tests.swift */ = {isa = PBXFileReference; lastKnownFileType = sourcecode.swift; path = Swift_ui_in_class_Tests.swift; sourceTree = "<group>"; };
		E5A3AD5C23E0A1D800D9856A /* Info.plist */ = {isa = PBXFileReference; lastKnownFileType = text.plist.xml; path = Info.plist; sourceTree = "<group>"; };
		E5A3AD6123E0A1D800D9856A /* Swift ui in class-UITests.xctest */ = {isa = PBXFileReference; explicitFileType = wrapper.cfbundle; includeInIndex = 0; path = "Swift ui in class-UITests.xctest"; sourceTree = BUILT_PRODUCTS_DIR; };
		E5A3AD6523E0A1D800D9856A /* Swift_ui_in_class_UITests.swift */ = {isa = PBXFileReference; lastKnownFileType = sourcecode.swift; path = Swift_ui_in_class_UITests.swift; sourceTree = "<group>"; };
		E5A3AD6723E0A1D800D9856A /* Info.plist */ = {isa = PBXFileReference; lastKnownFileType = text.plist.xml; path = Info.plist; sourceTree = "<group>"; };
/* End PBXFileReference section */

/* Begin PBXFrameworksBuildPhase section */
		E5A3AD3D23E0A1D700D9856A /* Frameworks */ = {
			isa = PBXFrameworksBuildPhase;
			buildActionMask = 2147483647;
			files = (
			);
			runOnlyForDeploymentPostprocessing = 0;
		};
		E5A3AD5323E0A1D800D9856A /* Frameworks */ = {
			isa = PBXFrameworksBuildPhase;
			buildActionMask = 2147483647;
			files = (
			);
			runOnlyForDeploymentPostprocessing = 0;
		};
		E5A3AD5E23E0A1D800D9856A /* Frameworks */ = {
			isa = PBXFrameworksBuildPhase;
			buildActionMask = 2147483647;
			files = (
			);
			runOnlyForDeploymentPostprocessing = 0;
		};
/* End PBXFrameworksBuildPhase section */

/* Begin PBXGroup section */
		E5A3AD3723E0A1D700D9856A = {
			isa = PBXGroup;
			children = (
				E5A3AD4223E0A1D700D9856A /* Swift ui in class- */,
				E5A3AD5923E0A1D800D9856A /* Swift ui in class-Tests */,
				E5A3AD6423E0A1D800D9856A /* Swift ui in class-UITests */,
				E5A3AD4123E0A1D700D9856A /* Products */,
			);
			sourceTree = "<group>";
		};
		E5A3AD4123E0A1D700D9856A /* Products */ = {
			isa = PBXGroup;
			children = (
				E5A3AD4023E0A1D700D9856A /* Swift ui in class-.app */,
				E5A3AD5623E0A1D800D9856A /* Swift ui in class-Tests.xctest */,
				E5A3AD6123E0A1D800D9856A /* Swift ui in class-UITests.xctest */,
			);
			name = Products;
			sourceTree = "<group>";
		};
		E5A3AD4223E0A1D700D9856A /* Swift ui in class- */ = {
			isa = PBXGroup;
			children = (
				E5A3AD4323E0A1D700D9856A /* AppDelegate.swift */,
				E5A3AD4523E0A1D700D9856A /* SceneDelegate.swift */,
				E5A3AD4723E0A1D700D9856A /* ContentView.swift */,
				E5A3AD4923E0A1D800D9856A /* Assets.xcassets */,
				E5A3AD4E23E0A1D800D9856A /* LaunchScreen.storyboard */,
				E5A3AD5123E0A1D800D9856A /* Info.plist */,
				E5A3AD4B23E0A1D800D9856A /* Preview Content */,
			);
			path = "Swift ui in class-";
			sourceTree = "<group>";
		};
		E5A3AD4B23E0A1D800D9856A /* Preview Content */ = {
			isa = PBXGroup;
			children = (
				E5A3AD4C23E0A1D800D9856A /* Preview Assets.xcassets */,
			);
			path = "Preview Content";
			sourceTree = "<group>";
		};
		E5A3AD5923E0A1D800D9856A /* Swift ui in class-Tests */ = {
			isa = PBXGroup;
			children = (
				E5A3AD5A23E0A1D800D9856A /* Swift_ui_in_class_Tests.swift */,
				E5A3AD5C23E0A1D800D9856A /* Info.plist */,
			);
			path = "Swift ui in class-Tests";
			sourceTree = "<group>";
		};
		E5A3AD6423E0A1D800D9856A /* Swift ui in class-UITests */ = {
			isa = PBXGroup;
			children = (
				E5A3AD6523E0A1D800D9856A /* Swift_ui_in_class_UITests.swift */,
				E5A3AD6723E0A1D800D9856A /* Info.plist */,
			);
			path = "Swift ui in class-UITests";
			sourceTree = "<group>";
		};
/* End PBXGroup section */

/* Begin PBXNativeTarget section */
		E5A3AD3F23E0A1D700D9856A /* Swift ui in class- */ = {
			isa = PBXNativeTarget;
			buildConfigurationList = E5A3AD6A23E0A1D800D9856A /* Build configuration list for PBXNativeTarget "Swift ui in class-" */;
			buildPhases = (
				E5A3AD3C23E0A1D700D9856A /* Sources */,
				E5A3AD3D23E0A1D700D9856A /* Frameworks */,
				E5A3AD3E23E0A1D700D9856A /* Resources */,
			);
			buildRules = (
			);
			dependencies = (
			);
			name = "Swift ui in class-";
			productName = "Swift ui in class-";
			productReference = E5A3AD4023E0A1D700D9856A /* Swift ui in class-.app */;
			productType = "com.apple.product-type.application";
		};
		E5A3AD5523E0A1D800D9856A /* Swift ui in class-Tests */ = {
			isa = PBXNativeTarget;
			buildConfigurationList = E5A3AD6D23E0A1D800D9856A /* Build configuration list for PBXNativeTarget "Swift ui in class-Tests" */;
			buildPhases = (
				E5A3AD5223E0A1D800D9856A /* Sources */,
				E5A3AD5323E0A1D800D9856A /* Frameworks */,
				E5A3AD5423E0A1D800D9856A /* Resources */,
			);
			buildRules = (
			);
			dependencies = (
				E5A3AD5823E0A1D800D9856A /* PBXTargetDependency */,
			);
			name = "Swift ui in class-Tests";
			productName = "Swift ui in class-Tests";
			productReference = E5A3AD5623E0A1D800D9856A /* Swift ui in class-Tests.xctest */;
			productType = "com.apple.product-type.bundle.unit-test";
		};
		E5A3AD6023E0A1D800D9856A /* Swift ui in class-UITests */ = {
			isa = PBXNativeTarget;
			buildConfigurationList = E5A3AD7023E0A1D800D9856A /* Build configuration list for PBXNativeTarget "Swift ui in class-UITests" */;
			buildPhases = (
				E5A3AD5D23E0A1D800D9856A /* Sources */,
				E5A3AD5E23E0A1D800D9856A /* Frameworks */,
				E5A3AD5F23E0A1D800D9856A /* Resources */,
			);
			buildRules = (
			);
			dependencies = (
				E5A3AD6323E0A1D800D9856A /* PBXTargetDependency */,
			);
			name = "Swift ui in class-UITests";
			productName = "Swift ui in class-UITests";
			productReference = E5A3AD6123E0A1D800D9856A /* Swift ui in class-UITests.xctest */;
			productType = "com.apple.product-type.bundle.ui-testing";
		};
/* End PBXNativeTarget section */

/* Begin PBXProject section */
		E5A3AD3823E0A1D700D9856A /* Project object */ = {
			isa = PBXProject;
			attributes = {
				LastSwiftUpdateCheck = 1130;
				LastUpgradeCheck = 1130;
				ORGANIZATIONNAME = "Trevor Momeyer";
				TargetAttributes = {
					E5A3AD3F23E0A1D700D9856A = {
						CreatedOnToolsVersion = 11.3.1;
					};
					E5A3AD5523E0A1D800D9856A = {
						CreatedOnToolsVersion = 11.3.1;
						TestTargetID = E5A3AD3F23E0A1D700D9856A;
					};
					E5A3AD6023E0A1D800D9856A = {
						CreatedOnToolsVersion = 11.3.1;
						TestTargetID = E5A3AD3F23E0A1D700D9856A;
					};
				};
			};
			buildConfigurationList = E5A3AD3B23E0A1D700D9856A /* Build configuration list for PBXProject "Swift ui in class-" */;
			compatibilityVersion = "Xcode 9.3";
			developmentRegion = en;
			hasScannedForEncodings = 0;
			knownRegions = (
				en,
				Base,
			);
			mainGroup = E5A3AD3723E0A1D700D9856A;
			productRefGroup = E5A3AD4123E0A1D700D9856A /* Products */;
			projectDirPath = "";
			projectRoot = "";
			targets = (
				E5A3AD3F23E0A1D700D9856A /* Swift ui in class- */,
				E5A3AD5523E0A1D800D9856A /* Swift ui in class-Tests */,
				E5A3AD6023E0A1D800D9856A /* Swift ui in class-UITests */,
			);
		};
/* End PBXProject section */

/* Begin PBXResourcesBuildPhase section */
		E5A3AD3E23E0A1D700D9856A /* Resources */ = {
			isa = PBXResourcesBuildPhase;
			buildActionMask = 2147483647;
			files = (
				E5A3AD5023E0A1D800D9856A /* LaunchScreen.storyboard in Resources */,
				E5A3AD4D23E0A1D800D9856A /* Preview Assets.xcassets in Resources */,
				E5A3AD4A23E0A1D800D9856A /* Assets.xcassets in Resources */,
			);
			runOnlyForDeploymentPostprocessing = 0;
		};
		E5A3AD5423E0A1D800D9856A /* Resources */ = {
			isa = PBXResourcesBuildPhase;
			buildActionMask = 2147483647;
			files = (
			);
			runOnlyForDeploymentPostprocessing = 0;
		};
		E5A3AD5F23E0A1D800D9856A /* Resources */ = {
			isa = PBXResourcesBuildPhase;
			buildActionMask = 2147483647;
			files = (
			);
			runOnlyForDeploymentPostprocessing = 0;
		};
/* End PBXResourcesBuildPhase section */

/* Begin PBXSourcesBuildPhase section */
		E5A3AD3C23E0A1D700D9856A /* Sources */ = {
			isa = PBXSourcesBuildPhase;
			buildActionMask = 2147483647;
			files = (
				E5A3AD4423E0A1D700D9856A /* AppDelegate.swift in Sources */,
				E5A3AD4623E0A1D700D9856A /* SceneDelegate.swift in Sources */,
				E5A3AD4823E0A1D700D9856A /* ContentView.swift in Sources */,
			);
			runOnlyForDeploymentPostprocessing = 0;
		};
		E5A3AD5223E0A1D800D9856A /* Sources */ = {
			isa = PBXSourcesBuildPhase;
			buildActionMask = 2147483647;
			files = (
				E5A3AD5B23E0A1D800D9856A /* Swift_ui_in_class_Tests.swift in Sources */,
			);
			runOnlyForDeploymentPostprocessing = 0;
		};
		E5A3AD5D23E0A1D800D9856A /* Sources */ = {
			isa = PBXSourcesBuildPhase;
			buildActionMask = 2147483647;
			files = (
				E5A3AD6623E0A1D800D9856A /* Swift_ui_in_class_UITests.swift in Sources */,
			);
			runOnlyForDeploymentPostprocessing = 0;
		};
/* End PBXSourcesBuildPhase section */

/* Begin PBXTargetDependency section */
		E5A3AD5823E0A1D800D9856A /* PBXTargetDependency */ = {
			isa = PBXTargetDependency;
			target = E5A3AD3F23E0A1D700D9856A /* Swift ui in class- */;
			targetProxy = E5A3AD5723E0A1D800D9856A /* PBXContainerItemProxy */;
		};
		E5A3AD6323E0A1D800D9856A /* PBXTargetDependency */ = {
			isa = PBXTargetDependency;
			target = E5A3AD3F23E0A1D700D9856A /* Swift ui in class- */;
			targetProxy = E5A3AD6223E0A1D800D9856A /* PBXContainerItemProxy */;
		};
/* End PBXTargetDependency section */

/* Begin PBXVariantGroup section */
		E5A3AD4E23E0A1D800D9856A /* LaunchScreen.storyboard */ = {
			isa = PBXVariantGroup;
			children = (
				E5A3AD4F23E0A1D800D9856A /* Base */,
			);
			name = LaunchScreen.storyboard;
			sourceTree = "<group>";
		};
/* End PBXVariantGroup section */

/* Begin XCBuildConfiguration section */
		E5A3AD6823E0A1D800D9856A /* Debug */ = {
			isa = XCBuildConfiguration;
			buildSettings = {
				ALWAYS_SEARCH_USER_PATHS = NO;
				CLANG_ANALYZER_NONNULL = YES;
				CLANG_ANALYZER_NUMBER_OBJECT_CONVERSION = YES_AGGRESSIVE;
				CLANG_CXX_LANGUAGE_STANDARD = "gnu++14";
				CLANG_CXX_LIBRARY = "libc++";
				CLANG_ENABLE_MODULES = YES;
				CLANG_ENABLE_OBJC_ARC = YES;
				CLANG_ENABLE_OBJC_WEAK = YES;
				CLANG_WARN_BLOCK_CAPTURE_AUTORELEASING = YES;
				CLANG_WARN_BOOL_CONVERSION = YES;
				CLANG_WARN_COMMA = YES;
				CLANG_WARN_CONSTANT_CONVERSION = YES;
				CLANG_WARN_DEPRECATED_OBJC_IMPLEMENTATIONS = YES;
				CLANG_WARN_DIRECT_OBJC_ISA_USAGE = YES_ERROR;
				CLANG_WARN_DOCUMENTATION_COMMENTS = YES;
				CLANG_WARN_EMPTY_BODY = YES;
				CLANG_WARN_ENUM_CONVERSION = YES;
				CLANG_WARN_INFINITE_RECURSION = YES;
				CLANG_WARN_INT_CONVERSION = YES;
				CLANG_WARN_NON_LITERAL_NULL_CONVERSION = YES;
				CLANG_WARN_OBJC_IMPLICIT_RETAIN_SELF = YES;
				CLANG_WARN_OBJC_LITERAL_CONVERSION = YES;
				CLANG_WARN_OBJC_ROOT_CLASS = YES_ERROR;
				CLANG_WARN_RANGE_LOOP_ANALYSIS = YES;
				CLANG_WARN_STRICT_PROTOTYPES = YES;
				CLANG_WARN_SUSPICIOUS_MOVE = YES;
				CLANG_WARN_UNGUARDED_AVAILABILITY = YES_AGGRESSIVE;
				CLANG_WARN_UNREACHABLE_CODE = YES;
				CLANG_WARN__DUPLICATE_METHOD_MATCH = YES;
				COPY_PHASE_STRIP = NO;
				DEBUG_INFORMATION_FORMAT = dwarf;
				ENABLE_STRICT_OBJC_MSGSEND = YES;
				ENABLE_TESTABILITY = YES;
				GCC_C_LANGUAGE_STANDARD = gnu11;
				GCC_DYNAMIC_NO_PIC = NO;
				GCC_NO_COMMON_BLOCKS = YES;
				GCC_OPTIMIZATION_LEVEL = 0;
				GCC_PREPROCESSOR_DEFINITIONS = (
					"DEBUG=1",
					"$(inherited)",
				);
				GCC_WARN_64_TO_32_BIT_CONVERSION = YES;
				GCC_WARN_ABOUT_RETURN_TYPE = YES_ERROR;
				GCC_WARN_UNDECLARED_SELECTOR = YES;
				GCC_WARN_UNINITIALIZED_AUTOS = YES_AGGRESSIVE;
				GCC_WARN_UNUSED_FUNCTION = YES;
				GCC_WARN_UNUSED_VARIABLE = YES;
				IPHONEOS_DEPLOYMENT_TARGET = 13.2;
				MTL_ENABLE_DEBUG_INFO = INCLUDE_SOURCE;
				MTL_FAST_MATH = YES;
				ONLY_ACTIVE_ARCH = YES;
				SDKROOT = iphoneos;
				SWIFT_ACTIVE_COMPILATION_CONDITIONS = DEBUG;
				SWIFT_OPTIMIZATION_LEVEL = "-Onone";
			};
			name = Debug;
		};
		E5A3AD6923E0A1D800D9856A /* Release */ = {
			isa = XCBuildConfiguration;
			buildSettings = {
				ALWAYS_SEARCH_USER_PATHS = NO;
				CLANG_ANALYZER_NONNULL = YES;
				CLANG_ANALYZER_NUMBER_OBJECT_CONVERSION = YES_AGGRESSIVE;
				CLANG_CXX_LANGUAGE_STANDARD = "gnu++14";
				CLANG_CXX_LIBRARY = "libc++";
				CLANG_ENABLE_MODULES = YES;
				CLANG_ENABLE_OBJC_ARC = YES;
				CLANG_ENABLE_OBJC_WEAK = YES;
				CLANG_WARN_BLOCK_CAPTURE_AUTORELEASING = YES;
				CLANG_WARN_BOOL_CONVERSION = YES;
				CLANG_WARN_COMMA = YES;
				CLANG_WARN_CONSTANT_CONVERSION = YES;
				CLANG_WARN_DEPRECATED_OBJC_IMPLEMENTATIONS = YES;
				CLANG_WARN_DIRECT_OBJC_ISA_USAGE = YES_ERROR;
				CLANG_WARN_DOCUMENTATION_COMMENTS = YES;
				CLANG_WARN_EMPTY_BODY = YES;
				CLANG_WARN_ENUM_CONVERSION = YES;
				CLANG_WARN_INFINITE_RECURSION = YES;
				CLANG_WARN_INT_CONVERSION = YES;
				CLANG_WARN_NON_LITERAL_NULL_CONVERSION = YES;
				CLANG_WARN_OBJC_IMPLICIT_RETAIN_SELF = YES;
				CLANG_WARN_OBJC_LITERAL_CONVERSION = YES;
				CLANG_WARN_OBJC_ROOT_CLASS = YES_ERROR;
				CLANG_WARN_RANGE_LOOP_ANALYSIS = YES;
				CLANG_WARN_STRICT_PROTOTYPES = YES;
				CLANG_WARN_SUSPICIOUS_MOVE = YES;
				CLANG_WARN_UNGUARDED_AVAILABILITY = YES_AGGRESSIVE;
				CLANG_WARN_UNREACHABLE_CODE = YES;
				CLANG_WARN__DUPLICATE_METHOD_MATCH = YES;
				COPY_PHASE_STRIP = NO;
				DEBUG_INFORMATION_FORMAT = "dwarf-with-dsym";
				ENABLE_NS_ASSERTIONS = NO;
				ENABLE_STRICT_OBJC_MSGSEND = YES;
				GCC_C_LANGUAGE_STANDARD = gnu11;
				GCC_NO_COMMON_BLOCKS = YES;
				GCC_WARN_64_TO_32_BIT_CONVERSION = YES;
				GCC_WARN_ABOUT_RETURN_TYPE = YES_ERROR;
				GCC_WARN_UNDECLARED_SELECTOR = YES;
				GCC_WARN_UNINITIALIZED_AUTOS = YES_AGGRESSIVE;
				GCC_WARN_UNUSED_FUNCTION = YES;
				GCC_WARN_UNUSED_VARIABLE = YES;
				IPHONEOS_DEPLOYMENT_TARGET = 13.2;
				MTL_ENABLE_DEBUG_INFO = NO;
				MTL_FAST_MATH = YES;
				SDKROOT = iphoneos;
				SWIFT_COMPILATION_MODE = wholemodule;
				SWIFT_OPTIMIZATION_LEVEL = "-O";
				VALIDATE_PRODUCT = YES;
			};
			name = Release;
		};
		E5A3AD6B23E0A1D800D9856A /* Debug */ = {
			isa = XCBuildConfiguration;
			buildSettings = {
				ASSETCATALOG_COMPILER_APPICON_NAME = AppIcon;
				CODE_SIGN_STYLE = Automatic;
				DEVELOPMENT_ASSET_PATHS = "\"Swift ui in class-/Preview Content\"";
				DEVELOPMENT_TEAM = QBUPU4UH3X;
				ENABLE_PREVIEWS = YES;
				INFOPLIST_FILE = "Swift ui in class-/Info.plist";
				LD_RUNPATH_SEARCH_PATHS = (
					"$(inherited)",
					"@executable_path/Frameworks",
				);
				PRODUCT_BUNDLE_IDENTIFIER = "shu.Swift-ui-in-class-";
				PRODUCT_NAME = "$(TARGET_NAME)";
				SWIFT_VERSION = 5.0;
				TARGETED_DEVICE_FAMILY = "1,2";
			};
			name = Debug;
		};
		E5A3AD6C23E0A1D800D9856A /* Release */ = {
			isa = XCBuildConfiguration;
			buildSettings = {
				ASSETCATALOG_COMPILER_APPICON_NAME = AppIcon;
				CODE_SIGN_STYLE = Automatic;
				DEVELOPMENT_ASSET_PATHS = "\"Swift ui in class-/Preview Content\"";
				DEVELOPMENT_TEAM = QBUPU4UH3X;
				ENABLE_PREVIEWS = YES;
				INFOPLIST_FILE = "Swift ui in class-/Info.plist";
				LD_RUNPATH_SEARCH_PATHS = (
					"$(inherited)",
					"@executable_path/Frameworks",
				);
				PRODUCT_BUNDLE_IDENTIFIER = "shu.Swift-ui-in-class-";
				PRODUCT_NAME = "$(TARGET_NAME)";
				SWIFT_VERSION = 5.0;
				TARGETED_DEVICE_FAMILY = "1,2";
			};
			name = Release;
		};
		E5A3AD6E23E0A1D800D9856A /* Debug */ = {
			isa = XCBuildConfiguration;
			buildSettings = {
				ALWAYS_EMBED_SWIFT_STANDARD_LIBRARIES = YES;
				BUNDLE_LOADER = "$(TEST_HOST)";
				CODE_SIGN_STYLE = Automatic;
				DEVELOPMENT_TEAM = QBUPU4UH3X;
				INFOPLIST_FILE = "Swift ui in class-Tests/Info.plist";
				IPHONEOS_DEPLOYMENT_TARGET = 13.2;
				LD_RUNPATH_SEARCH_PATHS = (
					"$(inherited)",
					"@executable_path/Frameworks",
					"@loader_path/Frameworks",
				);
				PRODUCT_BUNDLE_IDENTIFIER = "shu.Swift-ui-in-class-Tests";
				PRODUCT_NAME = "$(TARGET_NAME)";
				SWIFT_VERSION = 5.0;
				TARGETED_DEVICE_FAMILY = "1,2";
				TEST_HOST = "$(BUILT_PRODUCTS_DIR)/Swift ui in class-.app/Swift ui in class-";
			};
			name = Debug;
		};
		E5A3AD6F23E0A1D800D9856A /* Release */ = {
			isa = XCBuildConfiguration;
			buildSettings = {
				ALWAYS_EMBED_SWIFT_STANDARD_LIBRARIES = YES;
				BUNDLE_LOADER = "$(TEST_HOST)";
				CODE_SIGN_STYLE = Automatic;
				DEVELOPMENT_TEAM = QBUPU4UH3X;
				INFOPLIST_FILE = "Swift ui in class-Tests/Info.plist";
				IPHONEOS_DEPLOYMENT_TARGET = 13.2;
				LD_RUNPATH_SEARCH_PATHS = (
					"$(inherited)",
					"@executable_path/Frameworks",
					"@loader_path/Frameworks",
				);
				PRODUCT_BUNDLE_IDENTIFIER = "shu.Swift-ui-in-class-Tests";
				PRODUCT_NAME = "$(TARGET_NAME)";
				SWIFT_VERSION = 5.0;
				TARGETED_DEVICE_FAMILY = "1,2";
				TEST_HOST = "$(BUILT_PRODUCTS_DIR)/Swift ui in class-.app/Swift ui in class-";
			};
			name = Release;
		};
		E5A3AD7123E0A1D800D9856A /* Debug */ = {
			isa = XCBuildConfiguration;
			buildSettings = {
				ALWAYS_EMBED_SWIFT_STANDARD_LIBRARIES = YES;
				CODE_SIGN_STYLE = Automatic;
				DEVELOPMENT_TEAM = QBUPU4UH3X;
				INFOPLIST_FILE = "Swift ui in class-UITests/Info.plist";
				LD_RUNPATH_SEARCH_PATHS = (
					"$(inherited)",
					"@executable_path/Frameworks",
					"@loader_path/Frameworks",
				);
				PRODUCT_BUNDLE_IDENTIFIER = "shu.Swift-ui-in-class-UITests";
				PRODUCT_NAME = "$(TARGET_NAME)";
				SWIFT_VERSION = 5.0;
				TARGETED_DEVICE_FAMILY = "1,2";
				TEST_TARGET_NAME = "Swift ui in class-";
			};
			name = Debug;
		};
		E5A3AD7223E0A1D800D9856A /* Release */ = {
			isa = XCBuildConfiguration;
			buildSettings = {
				ALWAYS_EMBED_SWIFT_STANDARD_LIBRARIES = YES;
				CODE_SIGN_STYLE = Automatic;
				DEVELOPMENT_TEAM = QBUPU4UH3X;
				INFOPLIST_FILE = "Swift ui in class-UITests/Info.plist";
				LD_RUNPATH_SEARCH_PATHS = (
					"$(inherited)",
					"@executable_path/Frameworks",
					"@loader_path/Frameworks",
				);
				PRODUCT_BUNDLE_IDENTIFIER = "shu.Swift-ui-in-class-UITests";
				PRODUCT_NAME = "$(TARGET_NAME)";
				SWIFT_VERSION = 5.0;
				TARGETED_DEVICE_FAMILY = "1,2";
				TEST_TARGET_NAME = "Swift ui in class-";
			};
			name = Release;
		};
/* End XCBuildConfiguration section */

/* Begin XCConfigurationList section */
		E5A3AD3B23E0A1D700D9856A /* Build configuration list for PBXProject "Swift ui in class-" */ = {
			isa = XCConfigurationList;
			buildConfigurations = (
				E5A3AD6823E0A1D800D9856A /* Debug */,
				E5A3AD6923E0A1D800D9856A /* Release */,
			);
			defaultConfigurationIsVisible = 0;
			defaultConfigurationName = Release;
		};
		E5A3AD6A23E0A1D800D9856A /* Build configuration list for PBXNativeTarget "Swift ui in class-" */ = {
			isa = XCConfigurationList;
			buildConfigurations = (
				E5A3AD6B23E0A1D800D9856A /* Debug */,
				E5A3AD6C23E0A1D800D9856A /* Release */,
			);
			defaultConfigurationIsVisible = 0;
			defaultConfigurationName = Release;
		};
		E5A3AD6D23E0A1D800D9856A /* Build configuration list for PBXNativeTarget "Swift ui in class-Tests" */ = {
			isa = XCConfigurationList;
			buildConfigurations = (
				E5A3AD6E23E0A1D800D9856A /* Debug */,
				E5A3AD6F23E0A1D800D9856A /* Release */,
			);
			defaultConfigurationIsVisible = 0;
			defaultConfigurationName = Release;
		};
		E5A3AD7023E0A1D800D9856A /* Build configuration list for PBXNativeTarget "Swift ui in class-UITests" */ = {
			isa = XCConfigurationList;
			buildConfigurations = (
				E5A3AD7123E0A1D800D9856A /* Debug */,
				E5A3AD7223E0A1D800D9856A /* Release */,
			);
			defaultConfigurationIsVisible = 0;
			defaultConfigurationName = Release;
		};
/* End XCConfigurationList section */
	};
	rootObject = E5A3AD3823E0A1D700D9856A /* Project object */;
}
